// !$*UTF8*$!
{
	archiveVersion = 1;
	classes = {
	};
	objectVersion = 56;
	objects = {

/* Begin PBXBuildFile section */
		A58201C42C1FA0BF0008A825 /* Guide_Book_AppApp.swift in Sources */ = {isa = PBXBuildFile; fileRef = A58201C32C1FA0BF0008A825 /* Guide_Book_AppApp.swift */; };
		A58201C62C1FA0BF0008A825 /* CityView.swift in Sources */ = {isa = PBXBuildFile; fileRef = A58201C52C1FA0BF0008A825 /* CityView.swift */; };
		A58201C82C1FA0C10008A825 /* Assets.xcassets in Resources */ = {isa = PBXBuildFile; fileRef = A58201C72C1FA0C10008A825 /* Assets.xcassets */; };
		A58201CB2C1FA0C10008A825 /* Preview Assets.xcassets in Resources */ = {isa = PBXBuildFile; fileRef = A58201CA2C1FA0C10008A825 /* Preview Assets.xcassets */; };
		A58201D22C1FA5310008A825 /* AttractionView.swift in Sources */ = {isa = PBXBuildFile; fileRef = A58201D12C1FA5310008A825 /* AttractionView.swift */; };
		A58201D42C1FA54F0008A825 /* DetailView.swift in Sources */ = {isa = PBXBuildFile; fileRef = A58201D32C1FA54F0008A825 /* DetailView.swift */; };
		A58201D62C1FA5F30008A825 /* DataService.swift in Sources */ = {isa = PBXBuildFile; fileRef = A58201D52C1FA5F30008A825 /* DataService.swift */; };
		A58201D82C1FA6A00008A825 /* City.swift in Sources */ = {isa = PBXBuildFile; fileRef = A58201D72C1FA6A00008A825 /* City.swift */; };
		A58201DA2C1FA7840008A825 /* Attraction.swift in Sources */ = {isa = PBXBuildFile; fileRef = A58201D92C1FA7840008A825 /* Attraction.swift */; };
		A58201DC2C23220B0008A825 /* CityCard.swift in Sources */ = {isa = PBXBuildFile; fileRef = A58201DB2C23220B0008A825 /* CityCard.swift */; };
		A58201DE2C2354FA0008A825 /* AttractionRow.swift in Sources */ = {isa = PBXBuildFile; fileRef = A58201DD2C2354FA0008A825 /* AttractionRow.swift */; };
		A5F446E62C325968002E914A /* DemoData.json in Resources */ = {isa = PBXBuildFile; fileRef = A5F446E52C325968002E914A /* DemoData.json */; };
/* End PBXBuildFile section */

/* Begin PBXFileReference section */
		A58201C02C1FA0BF0008A825 /* Guide Book App.app */ = {isa = PBXFileReference; explicitFileType = wrapper.application; includeInIndex = 0; path = "Guide Book App.app"; sourceTree = BUILT_PRODUCTS_DIR; };
		A58201C32C1FA0BF0008A825 /* Guide_Book_AppApp.swift */ = {isa = PBXFileReference; lastKnownFileType = sourcecode.swift; path = Guide_Book_AppApp.swift; sourceTree = "<group>"; };
		A58201C52C1FA0BF0008A825 /* CityView.swift */ = {isa = PBXFileReference; lastKnownFileType = sourcecode.swift; path = CityView.swift; sourceTree = "<group>"; };
		A58201C72C1FA0C10008A825 /* Assets.xcassets */ = {isa = PBXFileReference; lastKnownFileType = folder.assetcatalog; path = Assets.xcassets; sourceTree = "<group>"; };
		A58201CA2C1FA0C10008A825 /* Preview Assets.xcassets */ = {isa = PBXFileReference; lastKnownFileType = folder.assetcatalog; path = "Preview Assets.xcassets"; sourceTree = "<group>"; };
		A58201D12C1FA5310008A825 /* AttractionView.swift */ = {isa = PBXFileReference; lastKnownFileType = sourcecode.swift; path = AttractionView.swift; sourceTree = "<group>"; };
		A58201D32C1FA54F0008A825 /* DetailView.swift */ = {isa = PBXFileReference; lastKnownFileType = sourcecode.swift; path = DetailView.swift; sourceTree = "<group>"; };
		A58201D52C1FA5F30008A825 /* DataService.swift */ = {isa = PBXFileReference; lastKnownFileType = sourcecode.swift; path = DataService.swift; sourceTree = "<group>"; };
		A58201D72C1FA6A00008A825 /* City.swift */ = {isa = PBXFileReference; lastKnownFileType = sourcecode.swift; path = City.swift; sourceTree = "<group>"; };
		A58201D92C1FA7840008A825 /* Attraction.swift */ = {isa = PBXFileReference; lastKnownFileType = sourcecode.swift; path = Attraction.swift; sourceTree = "<group>"; };
		A58201DB2C23220B0008A825 /* CityCard.swift */ = {isa = PBXFileReference; lastKnownFileType = sourcecode.swift; path = CityCard.swift; sourceTree = "<group>"; };
		A58201DD2C2354FA0008A825 /* AttractionRow.swift */ = {isa = PBXFileReference; lastKnownFileType = sourcecode.swift; path = AttractionRow.swift; sourceTree = "<group>"; };
		A5F446E52C325968002E914A /* DemoData.json */ = {isa = PBXFileReference; fileEncoding = 4; lastKnownFileType = text.json; path = DemoData.json; sourceTree = "<group>"; };
/* End PBXFileReference section */

/* Begin PBXFrameworksBuildPhase section */
		A58201BD2C1FA0BF0008A825 /* Frameworks */ = {
			isa = PBXFrameworksBuildPhase;
			buildActionMask = 2147483647;
			files = (
			);
			runOnlyForDeploymentPostprocessing = 0;
		};
/* End PBXFrameworksBuildPhase section */

/* Begin PBXGroup section */
		A58201B72C1FA0BF0008A825 = {
			isa = PBXGroup;
			children = (
				A58201C22C1FA0BF0008A825 /* Guide Book App */,
				A58201C12C1FA0BF0008A825 /* Products */,
			);
			sourceTree = "<group>";
		};
		A58201C12C1FA0BF0008A825 /* Products */ = {
			isa = PBXGroup;
			children = (
				A58201C02C1FA0BF0008A825 /* Guide Book App.app */,
			);
			name = Products;
			sourceTree = "<group>";
		};
		A58201C22C1FA0BF0008A825 /* Guide Book App */ = {
			isa = PBXGroup;
			children = (
				A58201C32C1FA0BF0008A825 /* Guide_Book_AppApp.swift */,
				A58201C52C1FA0BF0008A825 /* CityView.swift */,
				A58201D12C1FA5310008A825 /* AttractionView.swift */,
				A58201D32C1FA54F0008A825 /* DetailView.swift */,
				A58201DB2C23220B0008A825 /* CityCard.swift */,
				A58201D52C1FA5F30008A825 /* DataService.swift */,
				A58201D72C1FA6A00008A825 /* City.swift */,
				A58201D92C1FA7840008A825 /* Attraction.swift */,
				A58201DD2C2354FA0008A825 /* AttractionRow.swift */,
				A58201C72C1FA0C10008A825 /* Assets.xcassets */,
				A5F446E52C325968002E914A /* DemoData.json */,
				A58201C92C1FA0C10008A825 /* Preview Content */,
			);
			path = "Guide Book App";
			sourceTree = "<group>";
		};
		A58201C92C1FA0C10008A825 /* Preview Content */ = {
			isa = PBXGroup;
			children = (
				A58201CA2C1FA0C10008A825 /* Preview Assets.xcassets */,
			);
			path = "Preview Content";
			sourceTree = "<group>";
		};
/* End PBXGroup section */

/* Begin PBXNativeTarget section */
		A58201BF2C1FA0BF0008A825 /* Guide Book App */ = {
			isa = PBXNativeTarget;
			buildConfigurationList = A58201CE2C1FA0C10008A825 /* Build configuration list for PBXNativeTarget "Guide Book App" */;
			buildPhases = (
				A58201BC2C1FA0BF0008A825 /* Sources */,
				A58201BD2C1FA0BF0008A825 /* Frameworks */,
				A58201BE2C1FA0BF0008A825 /* Resources */,
			);
			buildRules = (
			);
			dependencies = (
			);
			name = "Guide Book App";
			productName = "Guide Book App";
			productReference = A58201C02C1FA0BF0008A825 /* Guide Book App.app */;
			productType = "com.apple.product-type.application";
		};
/* End PBXNativeTarget section */

/* Begin PBXProject section */
		A58201B82C1FA0BF0008A825 /* Project object */ = {
			isa = PBXProject;
			attributes = {
				BuildIndependentTargetsInParallel = 1;
				LastSwiftUpdateCheck = 1540;
				LastUpgradeCheck = 1540;
				TargetAttributes = {
					A58201BF2C1FA0BF0008A825 = {
						CreatedOnToolsVersion = 15.4;
					};
				};
			};
			buildConfigurationList = A58201BB2C1FA0BF0008A825 /* Build configuration list for PBXProject "Guide Book App" */;
			compatibilityVersion = "Xcode 14.0";
			developmentRegion = en;
			hasScannedForEncodings = 0;
			knownRegions = (
				en,
				Base,
			);
			mainGroup = A58201B72C1FA0BF0008A825;
			productRefGroup = A58201C12C1FA0BF0008A825 /* Products */;
			projectDirPath = "";
			projectRoot = "";
			targets = (
				A58201BF2C1FA0BF0008A825 /* Guide Book App */,
			);
		};
/* End PBXProject section */

/* Begin PBXResourcesBuildPhase section */
		A58201BE2C1FA0BF0008A825 /* Resources */ = {
			isa = PBXResourcesBuildPhase;
			buildActionMask = 2147483647;
			files = (
				A58201CB2C1FA0C10008A825 /* Preview Assets.xcassets in Resources */,
				A5F446E62C325968002E914A /* DemoData.json in Resources */,
				A58201C82C1FA0C10008A825 /* Assets.xcassets in Resources */,
			);
			runOnlyForDeploymentPostprocessing = 0;
		};
/* End PBXResourcesBuildPhase section */

/* Begin PBXSourcesBuildPhase section */
		A58201BC2C1FA0BF0008A825 /* Sources */ = {
			isa = PBXSourcesBuildPhase;
			buildActionMask = 2147483647;
			files = (
				A58201C62C1FA0BF0008A825 /* CityView.swift in Sources */,
				A58201D42C1FA54F0008A825 /* DetailView.swift in Sources */,
				A58201DE2C2354FA0008A825 /* AttractionRow.swift in Sources */,
				A58201D82C1FA6A00008A825 /* City.swift in Sources */,
				A58201DA2C1FA7840008A825 /* Attraction.swift in Sources */,
				A58201DC2C23220B0008A825 /* CityCard.swift in Sources */,
				A58201C42C1FA0BF0008A825 /* Guide_Book_AppApp.swift in Sources */,
				A58201D22C1FA5310008A825 /* AttractionView.swift in Sources */,
				A58201D62C1FA5F30008A825 /* DataService.swift in Sources */,
			);
			runOnlyForDeploymentPostprocessing = 0;
		};
/* End PBXSourcesBuildPhase section */

/* Begin XCBuildConfiguration section */
		A58201CC2C1FA0C10008A825 /* Debug */ = {
			isa = XCBuildConfiguration;
			buildSettings = {
				ALWAYS_SEARCH_USER_PATHS = NO;
				ASSETCATALOG_COMPILER_GENERATE_SWIFT_ASSET_SYMBOL_EXTENSIONS = YES;
				CLANG_ANALYZER_NONNULL = YES;
				CLANG_ANALYZER_NUMBER_OBJECT_CONVERSION = YES_AGGRESSIVE;
				CLANG_CXX_LANGUAGE_STANDARD = "gnu++20";
				CLANG_ENABLE_MODULES = YES;
				CLANG_ENABLE_OBJC_ARC = YES;
				CLANG_ENABLE_OBJC_WEAK = YES;
				CLANG_WARN_BLOCK_CAPTURE_AUTORELEASING = YES;
				CLANG_WARN_BOOL_CONVERSION = YES;
				CLANG_WARN_COMMA = YES;
				CLANG_WARN_CONSTANT_CONVERSION = YES;
				CLANG_WARN_DEPRECATED_OBJC_IMPLEMENTATIONS = YES;
				CLANG_WARN_DIRECT_OBJC_ISA_USAGE = YES_ERROR;
				CLANG_WARN_DOCUMENTATION_COMMENTS = YES;
				CLANG_WARN_EMPTY_BODY = YES;
				CLANG_WARN_ENUM_CONVERSION = YES;
				CLANG_WARN_INFINITE_RECURSION = YES;
				CLANG_WARN_INT_CONVERSION = YES;
				CLANG_WARN_NON_LITERAL_NULL_CONVERSION = YES;
				CLANG_WARN_OBJC_IMPLICIT_RETAIN_SELF = YES;
				CLANG_WARN_OBJC_LITERAL_CONVERSION = YES;
				CLANG_WARN_OBJC_ROOT_CLASS = YES_ERROR;
				CLANG_WARN_QUOTED_INCLUDE_IN_FRAMEWORK_HEADER = YES;
				CLANG_WARN_RANGE_LOOP_ANALYSIS = YES;
				CLANG_WARN_STRICT_PROTOTYPES = YES;
				CLANG_WARN_SUSPICIOUS_MOVE = YES;
				CLANG_WARN_UNGUARDED_AVAILABILITY = YES_AGGRESSIVE;
				CLANG_WARN_UNREACHABLE_CODE = YES;
				CLANG_WARN__DUPLICATE_METHOD_MATCH = YES;
				COPY_PHASE_STRIP = NO;
				DEBUG_INFORMATION_FORMAT = dwarf;
				ENABLE_STRICT_OBJC_MSGSEND = YES;
				ENABLE_TESTABILITY = YES;
				ENABLE_USER_SCRIPT_SANDBOXING = YES;
				GCC_C_LANGUAGE_STANDARD = gnu17;
				GCC_DYNAMIC_NO_PIC = NO;
				GCC_NO_COMMON_BLOCKS = YES;
				GCC_OPTIMIZATION_LEVEL = 0;
				GCC_PREPROCESSOR_DEFINITIONS = (
					"DEBUG=1",
					"$(inherited)",
				);
				GCC_WARN_64_TO_32_BIT_CONVERSION = YES;
				GCC_WARN_ABOUT_RETURN_TYPE = YES_ERROR;
				GCC_WARN_UNDECLARED_SELECTOR = YES;
				GCC_WARN_UNINITIALIZED_AUTOS = YES_AGGRESSIVE;
				GCC_WARN_UNUSED_FUNCTION = YES;
				GCC_WARN_UNUSED_VARIABLE = YES;
				IPHONEOS_DEPLOYMENT_TARGET = 17.5;
				LOCALIZATION_PREFERS_STRING_CATALOGS = YES;
				MTL_ENABLE_DEBUG_INFO = INCLUDE_SOURCE;
				MTL_FAST_MATH = YES;
				ONLY_ACTIVE_ARCH = YES;
				SDKROOT = iphoneos;
				SWIFT_ACTIVE_COMPILATION_CONDITIONS = "DEBUG $(inherited)";
				SWIFT_OPTIMIZATION_LEVEL = "-Onone";
			};
			name = Debug;
		};
		A58201CD2C1FA0C10008A825 /* Release */ = {
			isa = XCBuildConfiguration;
			buildSettings = {
				ALWAYS_SEARCH_USER_PATHS = NO;
				ASSETCATALOG_COMPILER_GENERATE_SWIFT_ASSET_SYMBOL_EXTENSIONS = YES;
				CLANG_ANALYZER_NONNULL = YES;
				CLANG_ANALYZER_NUMBER_OBJECT_CONVERSION = YES_AGGRESSIVE;
				CLANG_CXX_LANGUAGE_STANDARD = "gnu++20";
				CLANG_ENABLE_MODULES = YES;
				CLANG_ENABLE_OBJC_ARC = YES;
				CLANG_ENABLE_OBJC_WEAK = YES;
				CLANG_WARN_BLOCK_CAPTURE_AUTORELEASING = YES;
				CLANG_WARN_BOOL_CONVERSION = YES;
				CLANG_WARN_COMMA = YES;
				CLANG_WARN_CONSTANT_CONVERSION = YES;
				CLANG_WARN_DEPRECATED_OBJC_IMPLEMENTATIONS = YES;
				CLANG_WARN_DIRECT_OBJC_ISA_USAGE = YES_ERROR;
				CLANG_WARN_DOCUMENTATION_COMMENTS = YES;
				CLANG_WARN_EMPTY_BODY = YES;
				CLANG_WARN_ENUM_CONVERSION = YES;
				CLANG_WARN_INFINITE_RECURSION = YES;
				CLANG_WARN_INT_CONVERSION = YES;
				CLANG_WARN_NON_LITERAL_NULL_CONVERSION = YES;
				CLANG_WARN_OBJC_IMPLICIT_RETAIN_SELF = YES;
				CLANG_WARN_OBJC_LITERAL_CONVERSION = YES;
				CLANG_WARN_OBJC_ROOT_CLASS = YES_ERROR;
				CLANG_WARN_QUOTED_INCLUDE_IN_FRAMEWORK_HEADER = YES;
				CLANG_WARN_RANGE_LOOP_ANALYSIS = YES;
				CLANG_WARN_STRICT_PROTOTYPES = YES;
				CLANG_WARN_SUSPICIOUS_MOVE = YES;
				CLANG_WARN_UNGUARDED_AVAILABILITY = YES_AGGRESSIVE;
				CLANG_WARN_UNREACHABLE_CODE = YES;
				CLANG_WARN__DUPLICATE_METHOD_MATCH = YES;
				COPY_PHASE_STRIP = NO;
				DEBUG_INFORMATION_FORMAT = "dwarf-with-dsym";
				ENABLE_NS_ASSERTIONS = NO;
				ENABLE_STRICT_OBJC_MSGSEND = YES;
				ENABLE_USER_SCRIPT_SANDBOXING = YES;
				GCC_C_LANGUAGE_STANDARD = gnu17;
				GCC_NO_COMMON_BLOCKS = YES;
				GCC_WARN_64_TO_32_BIT_CONVERSION = YES;
				GCC_WARN_ABOUT_RETURN_TYPE = YES_ERROR;
				GCC_WARN_UNDECLARED_SELECTOR = YES;
				GCC_WARN_UNINITIALIZED_AUTOS = YES_AGGRESSIVE;
				GCC_WARN_UNUSED_FUNCTION = YES;
				GCC_WARN_UNUSED_VARIABLE = YES;
				IPHONEOS_DEPLOYMENT_TARGET = 17.5;
				LOCALIZATION_PREFERS_STRING_CATALOGS = YES;
				MTL_ENABLE_DEBUG_INFO = NO;
				MTL_FAST_MATH = YES;
				SDKROOT = iphoneos;
				SWIFT_COMPILATION_MODE = wholemodule;
				VALIDATE_PRODUCT = YES;
			};
			name = Release;
		};
		A58201CF2C1FA0C10008A825 /* Debug */ = {
			isa = XCBuildConfiguration;
			buildSettings = {
				ASSETCATALOG_COMPILER_APPICON_NAME = AppIcon;
				ASSETCATALOG_COMPILER_GLOBAL_ACCENT_COLOR_NAME = AccentColor;
				CODE_SIGN_STYLE = Automatic;
				CURRENT_PROJECT_VERSION = 1;
				DEVELOPMENT_ASSET_PATHS = "\"Guide Book App/Preview Content\"";
				DEVELOPMENT_TEAM = 9YCQWGL3Y9;
				ENABLE_PREVIEWS = YES;
				GENERATE_INFOPLIST_FILE = YES;
				INFOPLIST_KEY_UIApplicationSceneManifest_Generation = YES;
				INFOPLIST_KEY_UIApplicationSupportsIndirectInputEvents = YES;
				INFOPLIST_KEY_UILaunchScreen_Generation = YES;
				INFOPLIST_KEY_UISupportedInterfaceOrientations_iPad = "UIInterfaceOrientationPortrait UIInterfaceOrientationPortraitUpsideDown UIInterfaceOrientationLandscapeLeft UIInterfaceOrientationLandscapeRight";
				INFOPLIST_KEY_UISupportedInterfaceOrientations_iPhone = "UIInterfaceOrientationPortrait UIInterfaceOrientationLandscapeLeft UIInterfaceOrientationLandscapeRight";
				LD_RUNPATH_SEARCH_PATHS = (
					"$(inherited)",
					"@executable_path/Frameworks",
				);
				MARKETING_VERSION = 1.0;
				PRODUCT_BUNDLE_IDENTIFIER = "com.Adilamanmohammed.Guide-Book-App";
				PRODUCT_NAME = "$(TARGET_NAME)";
				SWIFT_EMIT_LOC_STRINGS = YES;
				SWIFT_VERSION = 5.0;
				TARGETED_DEVICE_FAMILY = "1,2";
			};
			name = Debug;
		};
		A58201D02C1FA0C10008A825 /* Release */ = {
			isa = XCBuildConfiguration;
			buildSettings = {
				ASSETCATALOG_COMPILER_APPICON_NAME = AppIcon;
				ASSETCATALOG_COMPILER_GLOBAL_ACCENT_COLOR_NAME = AccentColor;
				CODE_SIGN_STYLE = Automatic;
				CURRENT_PROJECT_VERSION = 1;
				DEVELOPMENT_ASSET_PATHS = "\"Guide Book App/Preview Content\"";
				DEVELOPMENT_TEAM = 9YCQWGL3Y9;
				ENABLE_PREVIEWS = YES;
				GENERATE_INFOPLIST_FILE = YES;
				INFOPLIST_KEY_UIApplicationSceneManifest_Generation = YES;
				INFOPLIST_KEY_UIApplicationSupportsIndirectInputEvents = YES;
				INFOPLIST_KEY_UILaunchScreen_Generation = YES;
				INFOPLIST_KEY_UISupportedInterfaceOrientations_iPad = "UIInterfaceOrientationPortrait UIInterfaceOrientationPortraitUpsideDown UIInterfaceOrientationLandscapeLeft UIInterfaceOrientationLandscapeRight";
				INFOPLIST_KEY_UISupportedInterfaceOrientations_iPhone = "UIInterfaceOrientationPortrait UIInterfaceOrientationLandscapeLeft UIInterfaceOrientationLandscapeRight";
				LD_RUNPATH_SEARCH_PATHS = (
					"$(inherited)",
					"@executable_path/Frameworks",
				);
				MARKETING_VERSION = 1.0;
				PRODUCT_BUNDLE_IDENTIFIER = "com.Adilamanmohammed.Guide-Book-App";
				PRODUCT_NAME = "$(TARGET_NAME)";
				SWIFT_EMIT_LOC_STRINGS = YES;
				SWIFT_VERSION = 5.0;
				TARGETED_DEVICE_FAMILY = "1,2";
			};
			name = Release;
		};
/* End XCBuildConfiguration section */

/* Begin XCConfigurationList section */
		A58201BB2C1FA0BF0008A825 /* Build configuration list for PBXProject "Guide Book App" */ = {
			isa = XCConfigurationList;
			buildConfigurations = (
				A58201CC2C1FA0C10008A825 /* Debug */,
				A58201CD2C1FA0C10008A825 /* Release */,
			);
			defaultConfigurationIsVisible = 0;
			defaultConfigurationName = Release;
		};
		A58201CE2C1FA0C10008A825 /* Build configuration list for PBXNativeTarget "Guide Book App" */ = {
			isa = XCConfigurationList;
			buildConfigurations = (
				A58201CF2C1FA0C10008A825 /* Debug */,
				A58201D02C1FA0C10008A825 /* Release */,
			);
			defaultConfigurationIsVisible = 0;
			defaultConfigurationName = Release;
		};
/* End XCConfigurationList section */
	};
	rootObject = A58201B82C1FA0BF0008A825 /* Project object */;
}
